{
  "name": "transaction-extension",
  "version": "1.0.0",
  "lockfileVersion": 1,
  "requires": true,
  "dependencies": {
    "argparse": {
      "version": "1.0.10",
      "resolved": "https://registry.npmjs.org/argparse/-/argparse-1.0.10.tgz",
      "integrity": "sha512-o5Roy6tNG4SL/FOkCAN6RzjiakZS25RLYFrcMttJqbdd8BWrnA+fGz57iN5Pb06pvBGvl5gQ0B48dJlslXvoTg==",
      "requires": {
        "sprintf-js": "~1.0.2"
      }
    },
    "cliclopts": {
      "version": "1.1.1",
      "resolved": "https://registry.npmjs.org/cliclopts/-/cliclopts-1.1.1.tgz",
      "integrity": "sha1-aUMcfLWvcjd0sNORG0w3USQxkQ8="
    },
    "esprima": {
      "version": "4.0.1",
      "resolved": "https://registry.npmjs.org/esprima/-/esprima-4.0.1.tgz",
      "integrity": "sha512-eGuFFw7Upda+g4p+QHvnW0RyTX/SVeJBDM/gCtMARO0cLuT2HcEKnTPvhjV6aGeqrCB/sbNop0Kszm0jsaWU4A=="
    },
    "js-yaml": {
      "version": "3.12.0",
      "resolved": "https://registry.npmjs.org/js-yaml/-/js-yaml-3.12.0.tgz",
      "integrity": "sha512-PIt2cnwmPfL4hKNwqeiuz4bKfnzHTBv6HyVgjahA6mPLwPDzjDWrplJBMjHUFxku/N3FlmrbyPclad+I+4mJ3A==",
      "requires": {
        "argparse": "^1.0.7",
        "esprima": "^4.0.0"
      }
    },
    "lodash.isarray": {
      "version": "4.0.0",
      "resolved": "https://registry.npmjs.org/lodash.isarray/-/lodash.isarray-4.0.0.tgz",
      "integrity": "sha1-KspJayjEym1yZxUxNZDALm6jRAM="
    },
    "lodash.merge": {
      "version": "4.6.1",
      "resolved": "https://registry.npmjs.org/lodash.merge/-/lodash.merge-4.6.1.tgz",
      "integrity": "sha512-AOYza4+Hf5z1/0Hztxpm2/xiPZgi/cjMqdnKTUWTBSKchJlxXXuUSxCCl8rJlf4g6yww/j6mA8nC8Hw/EZWxKQ=="
    },
    "lodash.mergewith": {
      "version": "4.6.1",
      "resolved": "https://registry.npmjs.org/lodash.mergewith/-/lodash.mergewith-4.6.1.tgz",
      "integrity": "sha512-eWw5r+PYICtEBgrBE5hhlT6aAa75f411bgDz/ZL2KZqYV03USvucsxcHUIlGTDTECs1eunpI7HOV7U+WLDvNdQ=="
    },
    "minimist": {
      "version": "1.2.0",
      "resolved": "http://registry.npmjs.org/minimist/-/minimist-1.2.0.tgz",
      "integrity": "sha1-o1AIsg9BOD7sH7kU9M1d95omQoQ="
    },
    "sprintf-js": {
      "version": "1.0.3",
      "resolved": "https://registry.npmjs.org/sprintf-js/-/sprintf-js-1.0.3.tgz",
      "integrity": "sha1-BOaSb2YolTVPPdAVIDYzuFcpfiw="
    },
    "yaml-files": {
      "version": "1.1.0",
      "resolved": "https://registry.npmjs.org/yaml-files/-/yaml-files-1.1.0.tgz",
      "integrity": "sha512-xH7LB14u8QWt7pfc3C+OTH3vI8YdcwdD+RZ6BiO5X9BqsAOsY8Q5KhPun7q9SkEBbMLZW5ET7sHvhE4oj5gleA==",
      "requires": {
        "cliclopts": "^1.1.1",
        "js-yaml": "^3.6.1",
        "lodash.isarray": "^4.0.0",
        "lodash.merge": "^4.6.0",
        "lodash.mergewith": "^4.6.1",
        "minimist": "^1.2.0"
      }
    }
  }
}
